
Microsoft Visual Studio Solution File, Format Version 12.00
# Visual Studio 14
VisualStudioVersion = 14.0.25420.1
MinimumVisualStudioVersion = 10.0.40219.1
Project("{FAE04EC0-301F-11D3-BF4B-00C04F79EFBC}") = "FirstAssignmentWeb", "FirstAssignmentWeb\FirstAssignmentWeb.csproj", "{727BD422-4054-4DB9-8E29-07DF2E8C624E}"
EndProject
Project("{FAE04EC0-301F-11D3-BF4B-00C04F79EFBC}") = "Data_Access", "Data_Access\Data_Access.csproj", "{883BC276-6DAB-4F5D-845A-0790FA8B5D1B}"
EndProject
Global
	GlobalSection(SolutionConfigurationPlatforms) = preSolution
		Debug|Any CPU = Debug|Any CPU
		Release|Any CPU = Release|Any CPU
	EndGlobalSection
	GlobalSection(ProjectConfigurationPlatforms) = postSolution
		{727BD422-4054-4DB9-8E29-07DF2E8C624E}.Debug|Any CPU.ActiveCfg = Debug|Any CPU
		{727BD422-4054-4DB9-8E29-07DF2E8C624E}.Debug|Any CPU.Build.0 = Debug|Any CPU
		{727BD422-4054-4DB9-8E29-07DF2E8C624E}.Release|Any CPU.ActiveCfg = Release|Any CPU
		{727BD422-4054-4DB9-8E29-07DF2E8C624E}.Release|Any CPU.Build.0 = Release|Any CPU
		{883BC276-6DAB-4F5D-845A-0790FA8B5D1B}.Debug|Any CPU.ActiveCfg = Debug|Any CPU
		{883BC276-6DAB-4F5D-845A-0790FA8B5D1B}.Debug|Any CPU.Build.0 = Debug|Any CPU
		{883BC276-6DAB-4F5D-845A-0790FA8B5D1B}.Release|Any CPU.ActiveCfg = Release|Any CPU
		{883BC276-6DAB-4F5D-845A-0790FA8B5D1B}.Release|Any CPU.Build.0 = Release|Any CPU
	EndGlobalSection
	GlobalSection(SolutionProperties) = preSolution
		HideSolutionNode = FALSE
	EndGlobalSection
EndGlobal
